{
  "name": "tmp_test_pkg",
  "version": "1.0.0",
  "lockfileVersion": 3,
  "requires": true,
  "packages": {
    "": {
      "name": "tmp_test_pkg",
      "version": "1.0.0",
      "license": "ISC",
      "dependencies": {
        "@editorjs/delimiter": "^1.4.2",
        "@editorjs/inline-code": "^1.5.2",
        "@editorjs/marker": "^1.4.0",
        "@sotaproject/strikethrough": "^1.0.1",
        "editor-js-alignment-tune": "^1.0.1"
      }
    },
    "node_modules/@codexteam/icons": {
      "version": "0.0.8",
      "resolved": "https://registry.npmjs.org/@codexteam/icons/-/icons-0.0.8.tgz",
      "integrity": "sha512-toTLbLPbrDFl2ZK2mtDC+P7sdrJaqOK6URsjFy6m54Pry8q4ckKeKJ1fOEwVcSGKiwdRhrRO3ZzSbL16DaIBJA==",
      "license": "MIT"
    },
    "node_modules/@editorjs/delimiter": {
      "version": "1.4.2",
      "resolved": "https://registry.npmjs.org/@editorjs/delimiter/-/delimiter-1.4.2.tgz",
      "integrity": "sha512-S8q2LpeYdYkVShLp7K8c4HLthDHBevLw+sT+iO0+SH0oMvFmld9SUon3DFzMQ2gG07EOdZGRZ958+sVxyvFjZw==",
      "license": "MIT",
      "dependencies": {
        "@codexteam/icons": "^0.3.2"
      }
    },
    "node_modules/@editorjs/delimiter/node_modules/@codexteam/icons": {
      "version": "0.3.3",
      "resolved": "https://registry.npmjs.org/@codexteam/icons/-/icons-0.3.3.tgz",
      "integrity": "sha512-cp7mkZPgmBuSxigTm3Vb+DtVHYeX7qXfQd7o05vcLD8Ag5WvRlol2QSn5P10k0CDAJwmkH9nQGQLBycErS9lsQ==",
      "license": "MIT"
    },
    "node_modules/@editorjs/inline-code": {
      "version": "1.5.2",
      "resolved": "https://registry.npmjs.org/@editorjs/inline-code/-/inline-code-1.5.2.tgz",
      "integrity": "sha512-IpEvwMTP3q89T/6vTi3ACoSMOcTdywtMsci1w19+Z/lxQn/NVuVah++ro93wQ/1ZVTyCr+TPUCchxwzY1/xaMg==",
      "license": "MIT",
      "dependencies": {
        "@codexteam/icons": "^0.3.2"
      }
    },
    "node_modules/@editorjs/inline-code/node_modules/@codexteam/icons": {
      "version": "0.3.3",
      "resolved": "https://registry.npmjs.org/@codexteam/icons/-/icons-0.3.3.tgz",
      "integrity": "sha512-cp7mkZPgmBuSxigTm3Vb+DtVHYeX7qXfQd7o05vcLD8Ag5WvRlol2QSn5P10k0CDAJwmkH9nQGQLBycErS9lsQ==",
      "license": "MIT"
    },
    "node_modules/@editorjs/marker": {
      "version": "1.4.0",
      "resolved": "https://registry.npmjs.org/@editorjs/marker/-/marker-1.4.0.tgz",
      "integrity": "sha512-5ipEXfL44jTTRzgNp/p/YjMO7jT08S5z4V8qA3FFJTfdhKgQyM3mvP1zpdYKw47ZZpVWMCncvk5Nto3BxihEtg==",
      "license": "MIT",
      "dependencies": {
        "@codexteam/icons": "^0.0.5"
      }
    },
    "node_modules/@editorjs/marker/node_modules/@codexteam/icons": {
      "version": "0.0.5",
      "resolved": "https://registry.npmjs.org/@codexteam/icons/-/icons-0.0.5.tgz",
      "integrity": "sha512-s6H2KXhLz2rgbMZSkRm8dsMJvyUNZsEjxobBEg9ztdrb1B2H3pEzY6iTwI4XUPJWJ3c3qRKwV4TrO3J5jUdoQA==",
      "license": "MIT"
    },
    "node_modules/@sotaproject/strikethrough": {
      "version": "1.0.1",
      "resolved": "https://registry.npmjs.org/@sotaproject/strikethrough/-/strikethrough-1.0.1.tgz",
      "integrity": "sha512-tgfYXrg+lY6lCh2ZXyoPfe8rxpe+orRgiI2mOSyu1z/+gb9xIjOGhIXNgC6ehOmZUzqtoWzi9SrIEALCYfQpjA==",
      "license": "MIT",
      "dependencies": {
        "@codexteam/icons": "^0.0.8"
      }
    },
    "node_modules/editor-js-alignment-tune": {
      "version": "1.0.1",
      "resolved": "https://registry.npmjs.org/editor-js-alignment-tune/-/editor-js-alignment-tune-1.0.1.tgz",
      "integrity": "sha512-+TR0Y8nMFS+zjRWbIMAgSasxROhmWy3FE71hh1uoqXzRFbn4Ed0HFeH/Wi5XVULcKcsYqdMmVU7n1z19KVEJ8g==",
      "license": "ISC",
      "dependencies": {
        "@codexteam/icons": "^0.3.2"
      }
    },
    "node_modules/editor-js-alignment-tune/node_modules/@codexteam/icons": {
      "version": "0.3.3",
      "resolved": "https://registry.npmjs.org/@codexteam/icons/-/icons-0.3.3.tgz",
      "integrity": "sha512-cp7mkZPgmBuSxigTm3Vb+DtVHYeX7qXfQd7o05vcLD8Ag5WvRlol2QSn5P10k0CDAJwmkH9nQGQLBycErS9lsQ==",
      "license": "MIT"
    }
  }
}
